{
  "version": 4,
  "terraform_version": "1.7.4",
  "serial": 4,
  "lineage": "94078c5d-5452-c0a8-f6f9-9a4e997543ea",
  "outputs": {
    "strapi_address": {
      "value": "http://3.135.247.35:1337/admin",
      "type": "string"
    }
  },
  "resources": [
    {
      "mode": "managed",
      "type": "aws_instance",
      "name": "strapi",
      "provider": "provider[\"registry.terraform.io/hashicorp/aws\"]",
      "instances": [
        {
          "schema_version": 2,
          "attributes": {
            "ami": "ami-0eb9d6fc9fab44d24",
            "arn": "arn:aws:ec2:us-east-2:607700977843:instance/i-09e22a3a50cc4b995",
            "associate_public_ip_address": true,
            "availability_zone": "us-east-2a",
            "capacity_reservation_specification": [
              {
                "capacity_reservation_preference": "open",
                "capacity_reservation_target": []
              }
            ],
            "cpu_options": [
              {
                "amd_sev_snp": "",
                "core_count": 1,
                "threads_per_core": 2
              }
            ],
            "credit_specification": [
              {
                "cpu_credits": "unlimited"
              }
            ],
            "disable_api_stop": false,
            "disable_api_termination": false,
            "ebs_block_device": [],
            "ebs_optimized": false,
            "enable_primary_ipv6": null,
            "enclave_options": [
              {
                "enabled": false
              }
            ],
            "ephemeral_block_device": [],
            "get_password_data": false,
            "hibernation": false,
            "host_id": "",
            "host_resource_group_arn": null,
            "iam_instance_profile": "",
            "id": "i-09e22a3a50cc4b995",
            "instance_initiated_shutdown_behavior": "stop",
            "instance_lifecycle": "",
            "instance_market_options": [],
            "instance_state": "running",
            "instance_type": "t3.micro",
            "ipv6_address_count": 0,
            "ipv6_addresses": [],
            "key_name": "strapi_key_raj",
            "launch_template": [],
            "maintenance_options": [
              {
                "auto_recovery": "default"
              }
            ],
            "metadata_options": [
              {
                "http_endpoint": "enabled",
                "http_protocol_ipv6": "disabled",
                "http_put_response_hop_limit": 2,
                "http_tokens": "required",
                "instance_metadata_tags": "disabled"
              }
            ],
            "monitoring": false,
            "network_interface": [],
            "outpost_arn": "",
            "password_data": "",
            "placement_group": "",
            "placement_partition_number": 0,
            "primary_network_interface_id": "eni-092c01fee5777a472",
            "private_dns": "ip-172-31-8-199.us-east-2.compute.internal",
            "private_dns_name_options": [
              {
                "enable_resource_name_dns_a_record": false,
                "enable_resource_name_dns_aaaa_record": false,
                "hostname_type": "ip-name"
              }
            ],
            "private_ip": "172.31.8.199",
            "public_dns": "ec2-3-135-247-35.us-east-2.compute.amazonaws.com",
            "public_ip": "3.135.247.35",
            "region": "us-east-2",
            "root_block_device": [
              {
                "delete_on_termination": true,
                "device_name": "/dev/xvda",
                "encrypted": false,
                "iops": 3000,
                "kms_key_id": "",
                "tags": null,
                "tags_all": {},
                "throughput": 125,
                "volume_id": "vol-08c55c7c46b6416f4",
                "volume_size": 20,
                "volume_type": "gp3"
              }
            ],
            "secondary_private_ips": [],
            "security_groups": [
              "default"
            ],
            "source_dest_check": true,
            "spot_instance_request_id": "",
            "subnet_id": "subnet-0c0bb5df2571165a9",
            "tags": {
              "Name": "Strapi_Instance(raj)",
              "Owner": "raj"
            },
            "tags_all": {
              "Name": "Strapi_Instance(raj)",
              "Owner": "raj"
            },
            "tenancy": "default",
            "timeouts": null,
            "user_data": "#!/bin/bash\r\nyum update -y\r\nyum install git -y\r\ngit clone https://github.com/nagaraj2032/my-strapi-app.git\r\ncd my-strapi-app\r\nchmod +x user_data.sh\r\nbash user_data.sh\r\n",
            "user_data_base64": null,
            "user_data_replace_on_change": false,
            "volume_tags": null,
            "vpc_security_group_ids": [
              "sg-038861db81239cf2a"
            ]
          },
          "sensitive_attributes": [],
          "private": "eyJlMmJmYjczMC1lY2FhLTExZTYtOGY4OC0zNDM2M2JjN2M0YzAiOnsiY3JlYXRlIjo2MDAwMDAwMDAwMDAsImRlbGV0ZSI6MTIwMDAwMDAwMDAwMCwicmVhZCI6OTAwMDAwMDAwMDAwLCJ1cGRhdGUiOjYwMDAwMDAwMDAwMH0sInNjaGVtYV92ZXJzaW9uIjoiMiJ9",
          "dependencies": [
            "aws_key_pair.strapi_key"
          ]
        }
      ]
    },
    {
      "mode": "managed",
      "type": "aws_key_pair",
      "name": "strapi_key",
      "provider": "provider[\"registry.terraform.io/hashicorp/aws\"]",
      "instances": [
        {
          "schema_version": 1,
          "attributes": {
            "arn": "arn:aws:ec2:us-east-2:607700977843:key-pair/strapi_key_raj",
            "fingerprint": "a8:84:5e:38:b6:4c:a4:2b:45:8b:a3:b8:4b:0f:07:fa",
            "id": "strapi_key_raj",
            "key_name": "strapi_key_raj",
            "key_name_prefix": "",
            "key_pair_id": "key-0cef158c5af296dbb",
            "key_type": "rsa",
            "public_key": "ssh-rsa AAAAB3NzaC1yc2EAAAADAQABAAACAQCyy/GydyLljJ8XK7v4a5XVxFFnPr+3QvA0k+yNacbAKuQc29uCVOmbqHg73H71lwWbJRLlP5gPacUIr3tMMptRaFMvEjRn65TsCPelwdIl+M6MH78hyYeO74y/f04QqeZhWg/WCAh5Fo4Ae6EWu9oRS4fRkDg78m2OwinKcisb9S93A96VpEjwWjx62fhbC/NgOMaW4veaXlV5DZ95dwKjckWOxczRDFL1Mkr4CVeOD8MFx0tWIUA9NxDnwHz+BX0Ofh7f/RwmPAgNnmNLd3J9D3Hzt3D/AJIfSb/uT/xmXrW4+XmPXMSGrtSccdG6JgLyemRGAg4xMvOIC9Zewh6srvOl9f/3MDaby1ZKl+y5wSzcScg4VNxxAK2DASJQF1N+PLgjjueCSSQsg/n+II8/X28wF1rD6TavuO9yuYfgasVcdmyykVDtMC0ouMU34Rji/OZ1ccqZ5qRBfcq0udk7vi9wy2P6MPubzxFUVJdeikYvwJ9kQ4G/SLmCvk9C8mo/6a6+ytUNK9L3ccug0cm61L576I1tBl+exs2rkkHT9aBefYz6QdJLB8yzJseeYyKf8YLPZ1JCj706RI+59Q/CuGKtXPQt7Nwn+kyfHbjfq2GHBoIJ0evseVNLhkKLTp4fSxT9vicq2QdISpRnc96a3Yy268G+9AGAYk6J+FdBaw== nagaraj@LAPTOP-LE4O00L9",
            "region": "us-east-2",
            "tags": null,
            "tags_all": {}
          },
          "sensitive_attributes": [],
          "private": "eyJzY2hlbWFfdmVyc2lvbiI6IjEifQ=="
        }
      ]
    }
  ],
  "check_results": null
}
